{
  "version": 4,
  "terraform_version": "1.3.2",
  "serial": 1,
  "lineage": "97f5b19c-1770-08db-7b48-251c05f9d3a6",
  "outputs": {},
  "resources": [
    {
      "mode": "managed",
      "type": "mcaf_aws_account",
      "name": "example",
      "provider": "provider[\"terraform-provider-mcaf/local/mcaf\"]",
      "instances": [
        {
          "schema_version": 0,
          "attributes": {
            "account_id": "067091729528",
            "email": "int+testworkload-sbx@aws.devolksbank.nl",
            "id": "pp-lhugznw7bidii",
            "name": "testworkload-sbx",
            "organizational_unit": null,
            "organizational_unit_path": null,
            "provisioned_product_name": "testworkload-sbx",
            "sso": []
          },
          "sensitive_attributes": [],
          "private": "eyJzY2hlbWFfdmVyc2lvbiI6IjAifQ=="
        }
      ]
    }
  ],
  "check_results": null
}
